
Microsoft Visual Studio Solution File, Format Version 12.00
# Visual Studio 15
VisualStudioVersion = 15.0.28010.2036
MinimumVisualStudioVersion = 10.0.40219.1
Project("{FAE04EC0-301F-11D3-BF4B-00C04F79EFBC}") = "Lab19-CreateAnAPI", "Lab19-CreateAnAPI\Lab19-CreateAnAPI.csproj", "{AED123B9-E6DC-4D2D-92AB-9BD444B1AB90}"
EndProject
Global
	GlobalSection(SolutionConfigurationPlatforms) = preSolution
		Debug|Any CPU = Debug|Any CPU
		Release|Any CPU = Release|Any CPU
	EndGlobalSection
	GlobalSection(ProjectConfigurationPlatforms) = postSolution
		{AED123B9-E6DC-4D2D-92AB-9BD444B1AB90}.Debug|Any CPU.ActiveCfg = Debug|Any CPU
		{AED123B9-E6DC-4D2D-92AB-9BD444B1AB90}.Debug|Any CPU.Build.0 = Debug|Any CPU
		{AED123B9-E6DC-4D2D-92AB-9BD444B1AB90}.Release|Any CPU.ActiveCfg = Release|Any CPU
		{AED123B9-E6DC-4D2D-92AB-9BD444B1AB90}.Release|Any CPU.Build.0 = Release|Any CPU
	EndGlobalSection
	GlobalSection(SolutionProperties) = preSolution
		HideSolutionNode = FALSE
	EndGlobalSection
	GlobalSection(ExtensibilityGlobals) = postSolution
		SolutionGuid = {189633C4-6421-4423-8220-98E56632DB3F}
	EndGlobalSection
EndGlobal
